
Microsoft Visual Studio Solution File, Format Version 11.00
# Visual Studio 2010
Project("{FAE04EC0-301F-11D3-BF4B-00C04F79EFBC}") = "Terradue.Portal", "Terradue.Portal\Terradue.Portal.csproj", "{2E8D7875-8347-4205-936B-F1BBA2164D87}"
EndProject
Project("{FAE04EC0-301F-11D3-BF4B-00C04F79EFBC}") = "Terradue.Portal.Test", "Terradue.Portal.Test\Terradue.Portal.Test.csproj", "{2D6E8E65-990D-48C5-8F3D-84DF6F0BB84E}"
EndProject
Project("{FAE04EC0-301F-11D3-BF4B-00C04F79EFBC}") = "Terradue.Portal.AdminTool", "Terradue.Portal.AdminTool\Terradue.Portal.AdminTool.csproj", "{EDBA48E4-7D7C-486B-BC2B-B8C8AD64633E}"
EndProject
Project("{FAE04EC0-301F-11D3-BF4B-00C04F79EFBC}") = "Terradue.Portal.Agent", "Terradue.Portal.Agent\Terradue.Portal.Agent.csproj", "{7B85565C-F246-4535-B012-671E819AA644}"
EndProject
Global
	GlobalSection(SolutionConfigurationPlatforms) = preSolution
		Debug|Any CPU = Debug|Any CPU
		Release|Any CPU = Release|Any CPU
	EndGlobalSection
	GlobalSection(ProjectConfigurationPlatforms) = postSolution
		{2D6E8E65-990D-48C5-8F3D-84DF6F0BB84E}.Debug|Any CPU.ActiveCfg = Debug|Any CPU
		{2D6E8E65-990D-48C5-8F3D-84DF6F0BB84E}.Debug|Any CPU.Build.0 = Debug|Any CPU
		{2D6E8E65-990D-48C5-8F3D-84DF6F0BB84E}.Release|Any CPU.ActiveCfg = Release|Any CPU
		{2D6E8E65-990D-48C5-8F3D-84DF6F0BB84E}.Release|Any CPU.Build.0 = Release|Any CPU
		{2E8D7875-8347-4205-936B-F1BBA2164D87}.Debug|Any CPU.ActiveCfg = Debug|Any CPU
		{2E8D7875-8347-4205-936B-F1BBA2164D87}.Debug|Any CPU.Build.0 = Debug|Any CPU
		{2E8D7875-8347-4205-936B-F1BBA2164D87}.Release|Any CPU.ActiveCfg = Release|Any CPU
		{2E8D7875-8347-4205-936B-F1BBA2164D87}.Release|Any CPU.Build.0 = Release|Any CPU
		{7B85565C-F246-4535-B012-671E819AA644}.Debug|Any CPU.ActiveCfg = Debug|Any CPU
		{7B85565C-F246-4535-B012-671E819AA644}.Debug|Any CPU.Build.0 = Debug|Any CPU
		{7B85565C-F246-4535-B012-671E819AA644}.Release|Any CPU.ActiveCfg = Release|Any CPU
		{7B85565C-F246-4535-B012-671E819AA644}.Release|Any CPU.Build.0 = Release|Any CPU
		{EDBA48E4-7D7C-486B-BC2B-B8C8AD64633E}.Debug|Any CPU.ActiveCfg = Debug|Any CPU
		{EDBA48E4-7D7C-486B-BC2B-B8C8AD64633E}.Debug|Any CPU.Build.0 = Debug|Any CPU
		{EDBA48E4-7D7C-486B-BC2B-B8C8AD64633E}.Release|Any CPU.ActiveCfg = Release|Any CPU
		{EDBA48E4-7D7C-486B-BC2B-B8C8AD64633E}.Release|Any CPU.Build.0 = Release|Any CPU
	EndGlobalSection
	GlobalSection(MonoDevelopProperties) = preSolution
		Policies = $0
		$0.TextStylePolicy = $1
		$1.FileWidth = 120
		$1.NoTabsAfterNonTabs = True
		$1.inheritsSet = VisualStudio
		$1.inheritsScope = text/plain
		$1.scope = text/x-csharp
		$0.CSharpFormattingPolicy = $2
		$2.NewLinesForBracesInTypes = False
		$2.NewLinesForBracesInMethods = False
		$2.SpacingAfterMethodDeclarationName = False
		$2.SpaceAfterMethodCallName = False
		$2.SpaceBeforeOpenSquareBracket = False
		$2.inheritsSet = Mono
		$2.inheritsScope = text/x-csharp
		$2.scope = text/x-csharp
		$2.IndentSwitchSection = True
	EndGlobalSection
EndGlobal
